// !$*UTF8*$!
{
	archiveVersion = 1;
	classes = {
	};
	objectVersion = 77;
	objects = {

/* Begin PBXBuildFile section */
		550462502DD4894600938359 /* libopencv_imgcodecs.4.11.0.dylib in Frameworks */ = {isa = PBXBuildFile; fileRef = 556E80472DA5222C00AE5D1D /* libopencv_imgcodecs.4.11.0.dylib */; settings = {ATTRIBUTES = (Required, ); }; };
		550462512DD4894600938359 /* libopencv_core.4.11.0.dylib in Frameworks */ = {isa = PBXBuildFile; fileRef = 556E80482DA5222C00AE5D1D /* libopencv_core.4.11.0.dylib */; };
		550462522DD4894600938359 /* libopencv_highgui.4.11.0.dylib in Frameworks */ = {isa = PBXBuildFile; fileRef = 556E80492DA5222C00AE5D1D /* libopencv_highgui.4.11.0.dylib */; };
		550462532DD4894600938359 /* libopencv_imgproc.4.11.0.dylib in Frameworks */ = {isa = PBXBuildFile; fileRef = 556E804A2DA5222C00AE5D1D /* libopencv_imgproc.4.11.0.dylib */; };
		5504625D2DD4899000938359 /* main.cpp in Sources */ = {isa = PBXBuildFile; fileRef = 5504625B2DD4899000938359 /* main.cpp */; };
		550462612DD4E6D700938359 /* gns.png in CopyFiles */ = {isa = PBXBuildFile; fileRef = 5504625E2DD4E67B00938359 /* gns.png */; };
		550462622DD4E6D700938359 /* pns.png in CopyFiles */ = {isa = PBXBuildFile; fileRef = 5504625F2DD4E67B00938359 /* pns.png */; };
		550462632DD4E6D700938359 /* src.png in CopyFiles */ = {isa = PBXBuildFile; fileRef = 550462602DD4E67B00938359 /* src.png */; };
		5561EBFD2DF68215002C381B /* test.jpeg in Copy Files */ = {isa = PBXBuildFile; fileRef = 5561EBF72DF68215002C381B /* test.jpeg */; };
		5561EBFF2DF6D0B4002C381B /* test.jpeg in CopyFiles */ = {isa = PBXBuildFile; fileRef = 5561EBF72DF68215002C381B /* test.jpeg */; };
		5564D7D42DE6B1FE002F0650 /* libopencv_imgcodecs.4.11.0.dylib in Frameworks */ = {isa = PBXBuildFile; fileRef = 556E80472DA5222C00AE5D1D /* libopencv_imgcodecs.4.11.0.dylib */; settings = {ATTRIBUTES = (Required, ); }; };
		5564D7D52DE6B1FE002F0650 /* libopencv_core.4.11.0.dylib in Frameworks */ = {isa = PBXBuildFile; fileRef = 556E80482DA5222C00AE5D1D /* libopencv_core.4.11.0.dylib */; };
		5564D7D62DE6B1FE002F0650 /* libopencv_highgui.4.11.0.dylib in Frameworks */ = {isa = PBXBuildFile; fileRef = 556E80492DA5222C00AE5D1D /* libopencv_highgui.4.11.0.dylib */; };
		5564D7D72DE6B1FE002F0650 /* libopencv_imgproc.4.11.0.dylib in Frameworks */ = {isa = PBXBuildFile; fileRef = 556E804A2DA5222C00AE5D1D /* libopencv_imgproc.4.11.0.dylib */; };
		5564D7E52DE6B24E002F0650 /* main.cpp in Sources */ = {isa = PBXBuildFile; fileRef = 5564D7E12DE6B217002F0650 /* main.cpp */; };
		5564D7E62DE6B28B002F0650 /* deg.png in CopyFiles */ = {isa = PBXBuildFile; fileRef = 5564D7E22DE6B247002F0650 /* deg.png */; };
		5564D7E72DE6B295002F0650 /* ker.png in CopyFiles */ = {isa = PBXBuildFile; fileRef = 5564D7E42DE6B247002F0650 /* ker.png */; };
		556E804B2DA5222C00AE5D1D /* libopencv_imgcodecs.4.11.0.dylib in Frameworks */ = {isa = PBXBuildFile; fileRef = 556E80472DA5222C00AE5D1D /* libopencv_imgcodecs.4.11.0.dylib */; settings = {ATTRIBUTES = (Required, ); }; };
		556E804C2DA5222C00AE5D1D /* libopencv_core.4.11.0.dylib in Frameworks */ = {isa = PBXBuildFile; fileRef = 556E80482DA5222C00AE5D1D /* libopencv_core.4.11.0.dylib */; };
		556E804D2DA5222C00AE5D1D /* libopencv_highgui.4.11.0.dylib in Frameworks */ = {isa = PBXBuildFile; fileRef = 556E80492DA5222C00AE5D1D /* libopencv_highgui.4.11.0.dylib */; };
		556E804E2DA5222C00AE5D1D /* libopencv_imgproc.4.11.0.dylib in Frameworks */ = {isa = PBXBuildFile; fileRef = 556E804A2DA5222C00AE5D1D /* libopencv_imgproc.4.11.0.dylib */; };
		55E073352DF8F44600936FA0 /* libopencv_imgcodecs.4.11.0.dylib in Frameworks */ = {isa = PBXBuildFile; fileRef = 556E80472DA5222C00AE5D1D /* libopencv_imgcodecs.4.11.0.dylib */; settings = {ATTRIBUTES = (Required, ); }; };
		55E073362DF8F44600936FA0 /* libopencv_core.4.11.0.dylib in Frameworks */ = {isa = PBXBuildFile; fileRef = 556E80482DA5222C00AE5D1D /* libopencv_core.4.11.0.dylib */; };
		55E073372DF8F44600936FA0 /* libopencv_highgui.4.11.0.dylib in Frameworks */ = {isa = PBXBuildFile; fileRef = 556E80492DA5222C00AE5D1D /* libopencv_highgui.4.11.0.dylib */; };
		55E073382DF8F44600936FA0 /* libopencv_imgproc.4.11.0.dylib in Frameworks */ = {isa = PBXBuildFile; fileRef = 556E804A2DA5222C00AE5D1D /* libopencv_imgproc.4.11.0.dylib */; };
		55E073442DF8F49900936FA0 /* main.cpp in Sources */ = {isa = PBXBuildFile; fileRef = 55E073412DF8F46100936FA0 /* main.cpp */; };
		55E073452DF8F50A00936FA0 /* main.cpp in Sources */ = {isa = PBXBuildFile; fileRef = 55F3EF332DF5EE94008AE45C /* main.cpp */; };
		55E073462DF8F60A00936FA0 /* sk2.png in CopyFiles */ = {isa = PBXBuildFile; fileRef = 55E073422DF8F47F00936FA0 /* sk2.png */; };
		55EED5442DB6B4BA00064806 /* libopencv_imgcodecs.4.11.0.dylib in Frameworks */ = {isa = PBXBuildFile; fileRef = 556E80472DA5222C00AE5D1D /* libopencv_imgcodecs.4.11.0.dylib */; settings = {ATTRIBUTES = (Required, ); }; };
		55EED5452DB6B4BA00064806 /* libopencv_core.4.11.0.dylib in Frameworks */ = {isa = PBXBuildFile; fileRef = 556E80482DA5222C00AE5D1D /* libopencv_core.4.11.0.dylib */; };
		55EED5462DB6B4BA00064806 /* libopencv_highgui.4.11.0.dylib in Frameworks */ = {isa = PBXBuildFile; fileRef = 556E80492DA5222C00AE5D1D /* libopencv_highgui.4.11.0.dylib */; };
		55EED5472DB6B4BA00064806 /* libopencv_imgproc.4.11.0.dylib in Frameworks */ = {isa = PBXBuildFile; fileRef = 556E804A2DA5222C00AE5D1D /* libopencv_imgproc.4.11.0.dylib */; };
		55EED8D72DB6B62300064806 /* main.cpp in Sources */ = {isa = PBXBuildFile; fileRef = 55EED53D2DB6B48100064806 /* main.cpp */; };
		55F3EF262DF5EE65008AE45C /* libopencv_imgcodecs.4.11.0.dylib in Frameworks */ = {isa = PBXBuildFile; fileRef = 556E80472DA5222C00AE5D1D /* libopencv_imgcodecs.4.11.0.dylib */; settings = {ATTRIBUTES = (Required, ); }; };
		55F3EF272DF5EE65008AE45C /* libopencv_core.4.11.0.dylib in Frameworks */ = {isa = PBXBuildFile; fileRef = 556E80482DA5222C00AE5D1D /* libopencv_core.4.11.0.dylib */; };
		55F3EF282DF5EE65008AE45C /* libopencv_highgui.4.11.0.dylib in Frameworks */ = {isa = PBXBuildFile; fileRef = 556E80492DA5222C00AE5D1D /* libopencv_highgui.4.11.0.dylib */; };
		55F3EF292DF5EE65008AE45C /* libopencv_imgproc.4.11.0.dylib in Frameworks */ = {isa = PBXBuildFile; fileRef = 556E804A2DA5222C00AE5D1D /* libopencv_imgproc.4.11.0.dylib */; };
		55F3EF362DF5EEB4008AE45C /* src.png in CopyFiles */ = {isa = PBXBuildFile; fileRef = 55F3EF352DF5EEAB008AE45C /* src.png */; };
/* End PBXBuildFile section */

/* Begin PBXCopyFilesBuildPhase section */
		550462542DD4894600938359 /* CopyFiles */ = {
			isa = PBXCopyFilesBuildPhase;
			buildActionMask = 12;
			dstPath = "";
			dstSubfolderSpec = 16;
			files = (
				550462612DD4E6D700938359 /* gns.png in CopyFiles */,
				550462622DD4E6D700938359 /* pns.png in CopyFiles */,
				550462632DD4E6D700938359 /* src.png in CopyFiles */,
			);
			runOnlyForDeploymentPostprocessing = 0;
		};
		5564D7D82DE6B1FE002F0650 /* CopyFiles */ = {
			isa = PBXCopyFilesBuildPhase;
			buildActionMask = 12;
			dstPath = "";
			dstSubfolderSpec = 16;
			files = (
				5564D7E62DE6B28B002F0650 /* deg.png in CopyFiles */,
				5564D7E72DE6B295002F0650 /* ker.png in CopyFiles */,
			);
			runOnlyForDeploymentPostprocessing = 0;
		};
		55ACCCFF2D9CF4350082AAB2 /* CopyFiles */ = {
			isa = PBXCopyFilesBuildPhase;
			buildActionMask = 2147483647;
			dstPath = usr/share/man/man1;
			dstSubfolderSpec = 16;
			files = (
			);
			runOnlyForDeploymentPostprocessing = 1;
		};
		55E073392DF8F44600936FA0 /* CopyFiles */ = {
			isa = PBXCopyFilesBuildPhase;
			buildActionMask = 12;
			dstPath = "";
			dstSubfolderSpec = 16;
			files = (
				55E073462DF8F60A00936FA0 /* sk2.png in CopyFiles */,
			);
			runOnlyForDeploymentPostprocessing = 0;
		};
		55EED5482DB6B4BA00064806 /* Copy Files */ = {
			isa = PBXCopyFilesBuildPhase;
			buildActionMask = 12;
			dstPath = "";
			dstSubfolderSpec = 16;
			files = (
				5561EBFD2DF68215002C381B /* test.jpeg in Copy Files */,
			);
			name = "Copy Files";
			runOnlyForDeploymentPostprocessing = 0;
		};
		55F3EF2A2DF5EE65008AE45C /* CopyFiles */ = {
			isa = PBXCopyFilesBuildPhase;
			buildActionMask = 12;
			dstPath = "";
			dstSubfolderSpec = 16;
			files = (
				55F3EF362DF5EEB4008AE45C /* src.png in CopyFiles */,
				5561EBFF2DF6D0B4002C381B /* test.jpeg in CopyFiles */,
			);
			runOnlyForDeploymentPostprocessing = 0;
		};
/* End PBXCopyFilesBuildPhase section */

/* Begin PBXFileReference section */
		550462582DD4894600938359 /* HW2 */ = {isa = PBXFileReference; explicitFileType = "compiled.mach-o.executable"; includeInIndex = 0; path = HW2; sourceTree = BUILT_PRODUCTS_DIR; };
		5504625B2DD4899000938359 /* main.cpp */ = {isa = PBXFileReference; lastKnownFileType = sourcecode.cpp.cpp; path = main.cpp; sourceTree = "<group>"; };
		5504625E2DD4E67B00938359 /* gns.png */ = {isa = PBXFileReference; lastKnownFileType = image.png; path = gns.png; sourceTree = "<group>"; };
		5504625F2DD4E67B00938359 /* pns.png */ = {isa = PBXFileReference; lastKnownFileType = image.png; path = pns.png; sourceTree = "<group>"; };
		550462602DD4E67B00938359 /* src.png */ = {isa = PBXFileReference; lastKnownFileType = image.png; path = src.png; sourceTree = "<group>"; };
		550462642DD4FFA000938359 /* libopencv_xphoto.4.11.0.dylib */ = {isa = PBXFileReference; lastKnownFileType = "compiled.mach-o.dylib"; name = libopencv_xphoto.4.11.0.dylib; path = ../../../../../../../opt/homebrew/Cellar/opencv/4.11.0_1/lib/libopencv_xphoto.4.11.0.dylib; sourceTree = "<group>"; };
		550462682DD4FFF000938359 /* libopencv_photo.4.11.0.dylib */ = {isa = PBXFileReference; lastKnownFileType = "compiled.mach-o.dylib"; name = libopencv_photo.4.11.0.dylib; path = ../../../../../../../opt/homebrew/Cellar/opencv/4.11.0_1/lib/libopencv_photo.4.11.0.dylib; sourceTree = "<group>"; };
		5561EBF72DF68215002C381B /* test.jpeg */ = {isa = PBXFileReference; lastKnownFileType = image.jpeg; path = test.jpeg; sourceTree = "<group>"; };
		5564D7DF2DE6B1FE002F0650 /* HW3 */ = {isa = PBXFileReference; explicitFileType = "compiled.mach-o.executable"; includeInIndex = 0; path = HW3; sourceTree = BUILT_PRODUCTS_DIR; };
		5564D7E12DE6B217002F0650 /* main.cpp */ = {isa = PBXFileReference; lastKnownFileType = sourcecode.cpp.cpp; path = main.cpp; sourceTree = "<group>"; };
		5564D7E22DE6B247002F0650 /* deg.png */ = {isa = PBXFileReference; lastKnownFileType = image.png; path = deg.png; sourceTree = "<group>"; };
		5564D7E32DE6B247002F0650 /* err.png */ = {isa = PBXFileReference; lastKnownFileType = image.png; path = err.png; sourceTree = "<group>"; };
		5564D7E42DE6B247002F0650 /* ker.png */ = {isa = PBXFileReference; lastKnownFileType = image.png; path = ker.png; sourceTree = "<group>"; };
		556E80472DA5222C00AE5D1D /* libopencv_imgcodecs.4.11.0.dylib */ = {isa = PBXFileReference; lastKnownFileType = "compiled.mach-o.dylib"; name = libopencv_imgcodecs.4.11.0.dylib; path = ../../../../../../../opt/homebrew/Cellar/opencv/4.11.0_1/lib/libopencv_imgcodecs.4.11.0.dylib; sourceTree = "<group>"; };
		556E80482DA5222C00AE5D1D /* libopencv_core.4.11.0.dylib */ = {isa = PBXFileReference; lastKnownFileType = "compiled.mach-o.dylib"; name = libopencv_core.4.11.0.dylib; path = ../../../../../../../opt/homebrew/Cellar/opencv/4.11.0_1/lib/libopencv_core.4.11.0.dylib; sourceTree = "<group>"; };
		556E80492DA5222C00AE5D1D /* libopencv_highgui.4.11.0.dylib */ = {isa = PBXFileReference; lastKnownFileType = "compiled.mach-o.dylib"; name = libopencv_highgui.4.11.0.dylib; path = ../../../../../../../opt/homebrew/Cellar/opencv/4.11.0_1/lib/libopencv_highgui.4.11.0.dylib; sourceTree = "<group>"; };
		556E804A2DA5222C00AE5D1D /* libopencv_imgproc.4.11.0.dylib */ = {isa = PBXFileReference; lastKnownFileType = "compiled.mach-o.dylib"; name = libopencv_imgproc.4.11.0.dylib; path = ../../../../../../../opt/homebrew/Cellar/opencv/4.11.0_1/lib/libopencv_imgproc.4.11.0.dylib; sourceTree = "<group>"; };
		55ACCD012D9CF4350082AAB2 /* OpenCVTest */ = {isa = PBXFileReference; explicitFileType = "compiled.mach-o.executable"; includeInIndex = 0; path = OpenCVTest; sourceTree = BUILT_PRODUCTS_DIR; };
		55E0733F2DF8F44600936FA0 /* HW4 */ = {isa = PBXFileReference; explicitFileType = "compiled.mach-o.executable"; includeInIndex = 0; path = HW4; sourceTree = BUILT_PRODUCTS_DIR; };
		55E073412DF8F46100936FA0 /* main.cpp */ = {isa = PBXFileReference; lastKnownFileType = sourcecode.cpp.cpp; path = main.cpp; sourceTree = "<group>"; };
		55E073422DF8F47F00936FA0 /* sk2.png */ = {isa = PBXFileReference; lastKnownFileType = image.png; path = sk2.png; sourceTree = "<group>"; };
		55E073472DF94BE700936FA0 /* 20212027178_LeeYongKyu_ImageProcessing_HW4.png */ = {isa = PBXFileReference; lastKnownFileType = image.png; path = 20212027178_LeeYongKyu_ImageProcessing_HW4.png; sourceTree = "<group>"; };
		55EED53D2DB6B48100064806 /* main.cpp */ = {isa = PBXFileReference; lastKnownFileType = sourcecode.cpp.cpp; path = main.cpp; sourceTree = "<group>"; };
		55EED54C2DB6B4BA00064806 /* HW1 */ = {isa = PBXFileReference; explicitFileType = "compiled.mach-o.executable"; includeInIndex = 0; path = HW1; sourceTree = BUILT_PRODUCTS_DIR; };
		55F3EF302DF5EE65008AE45C /* Motion Blur */ = {isa = PBXFileReference; explicitFileType = "compiled.mach-o.executable"; includeInIndex = 0; path = "Motion Blur"; sourceTree = BUILT_PRODUCTS_DIR; };
		55F3EF332DF5EE94008AE45C /* main.cpp */ = {isa = PBXFileReference; lastKnownFileType = sourcecode.cpp.cpp; path = main.cpp; sourceTree = "<group>"; };
		55F3EF352DF5EEAB008AE45C /* src.png */ = {isa = PBXFileReference; lastKnownFileType = image.png; path = src.png; sourceTree = "<group>"; };
/* End PBXFileReference section */

/* Begin PBXFileSystemSynchronizedBuildFileExceptionSet section */
		550462592DD4894600938359 /* Exceptions for "OpenCVTest" folder in "HW2" target */ = {
			isa = PBXFileSystemSynchronizedBuildFileExceptionSet;
			membershipExceptions = (
				main.cpp,
			);
			target = 5504624C2DD4894600938359 /* HW2 */;
		};
		5564D7E02DE6B1FF002F0650 /* Exceptions for "OpenCVTest" folder in "HW3" target */ = {
			isa = PBXFileSystemSynchronizedBuildFileExceptionSet;
			membershipExceptions = (
				main.cpp,
			);
			target = 5564D7D02DE6B1FE002F0650 /* HW3 */;
		};
		55E073402DF8F44600936FA0 /* Exceptions for "OpenCVTest" folder in "HW4" target */ = {
			isa = PBXFileSystemSynchronizedBuildFileExceptionSet;
			membershipExceptions = (
				main.cpp,
			);
			target = 55E073312DF8F44600936FA0 /* HW4 */;
		};
		55EED8DA2DB6B68000064806 /* Exceptions for "OpenCVTest" folder in "HW1" target */ = {
			isa = PBXFileSystemSynchronizedBuildFileExceptionSet;
			membershipExceptions = (
				main.cpp,
			);
			target = 55EED5412DB6B4BA00064806 /* HW1 */;
		};
		55F3EF312DF5EE65008AE45C /* Exceptions for "OpenCVTest" folder in "Motion Blur" target */ = {
			isa = PBXFileSystemSynchronizedBuildFileExceptionSet;
			membershipExceptions = (
				main.cpp,
			);
			target = 55F3EF222DF5EE65008AE45C /* Motion Blur */;
		};
/* End PBXFileSystemSynchronizedBuildFileExceptionSet section */

/* Begin PBXFileSystemSynchronizedRootGroup section */
		55ACCD032D9CF4350082AAB2 /* OpenCVTest */ = {
			isa = PBXFileSystemSynchronizedRootGroup;
			exceptions = (
				55EED8DA2DB6B68000064806 /* Exceptions for "OpenCVTest" folder in "HW1" target */,
				550462592DD4894600938359 /* Exceptions for "OpenCVTest" folder in "HW2" target */,
				5564D7E02DE6B1FF002F0650 /* Exceptions for "OpenCVTest" folder in "HW3" target */,
				55F3EF312DF5EE65008AE45C /* Exceptions for "OpenCVTest" folder in "Motion Blur" target */,
				55E073402DF8F44600936FA0 /* Exceptions for "OpenCVTest" folder in "HW4" target */,
			);
			path = OpenCVTest;
			sourceTree = "<group>";
		};
/* End PBXFileSystemSynchronizedRootGroup section */

/* Begin PBXFrameworksBuildPhase section */
		5504624F2DD4894600938359 /* Frameworks */ = {
			isa = PBXFrameworksBuildPhase;
			buildActionMask = 2147483647;
			files = (
				550462502DD4894600938359 /* libopencv_imgcodecs.4.11.0.dylib in Frameworks */,
				550462512DD4894600938359 /* libopencv_core.4.11.0.dylib in Frameworks */,
				550462522DD4894600938359 /* libopencv_highgui.4.11.0.dylib in Frameworks */,
				550462532DD4894600938359 /* libopencv_imgproc.4.11.0.dylib in Frameworks */,
			);
			runOnlyForDeploymentPostprocessing = 0;
		};
		5564D7D32DE6B1FE002F0650 /* Frameworks */ = {
			isa = PBXFrameworksBuildPhase;
			buildActionMask = 2147483647;
			files = (
				5564D7D42DE6B1FE002F0650 /* libopencv_imgcodecs.4.11.0.dylib in Frameworks */,
				5564D7D52DE6B1FE002F0650 /* libopencv_core.4.11.0.dylib in Frameworks */,
				5564D7D62DE6B1FE002F0650 /* libopencv_highgui.4.11.0.dylib in Frameworks */,
				5564D7D72DE6B1FE002F0650 /* libopencv_imgproc.4.11.0.dylib in Frameworks */,
			);
			runOnlyForDeploymentPostprocessing = 0;
		};
		55ACCCFE2D9CF4350082AAB2 /* Frameworks */ = {
			isa = PBXFrameworksBuildPhase;
			buildActionMask = 2147483647;
			files = (
				556E804B2DA5222C00AE5D1D /* libopencv_imgcodecs.4.11.0.dylib in Frameworks */,
				556E804C2DA5222C00AE5D1D /* libopencv_core.4.11.0.dylib in Frameworks */,
				556E804D2DA5222C00AE5D1D /* libopencv_highgui.4.11.0.dylib in Frameworks */,
				556E804E2DA5222C00AE5D1D /* libopencv_imgproc.4.11.0.dylib in Frameworks */,
			);
			runOnlyForDeploymentPostprocessing = 0;
		};
		55E073342DF8F44600936FA0 /* Frameworks */ = {
			isa = PBXFrameworksBuildPhase;
			buildActionMask = 2147483647;
			files = (
				55E073352DF8F44600936FA0 /* libopencv_imgcodecs.4.11.0.dylib in Frameworks */,
				55E073362DF8F44600936FA0 /* libopencv_core.4.11.0.dylib in Frameworks */,
				55E073372DF8F44600936FA0 /* libopencv_highgui.4.11.0.dylib in Frameworks */,
				55E073382DF8F44600936FA0 /* libopencv_imgproc.4.11.0.dylib in Frameworks */,
			);
			runOnlyForDeploymentPostprocessing = 0;
		};
		55EED5432DB6B4BA00064806 /* Frameworks */ = {
			isa = PBXFrameworksBuildPhase;
			buildActionMask = 2147483647;
			files = (
				55EED5442DB6B4BA00064806 /* libopencv_imgcodecs.4.11.0.dylib in Frameworks */,
				55EED5452DB6B4BA00064806 /* libopencv_core.4.11.0.dylib in Frameworks */,
				55EED5462DB6B4BA00064806 /* libopencv_highgui.4.11.0.dylib in Frameworks */,
				55EED5472DB6B4BA00064806 /* libopencv_imgproc.4.11.0.dylib in Frameworks */,
			);
			runOnlyForDeploymentPostprocessing = 0;
		};
		55F3EF252DF5EE65008AE45C /* Frameworks */ = {
			isa = PBXFrameworksBuildPhase;
			buildActionMask = 2147483647;
			files = (
				55F3EF262DF5EE65008AE45C /* libopencv_imgcodecs.4.11.0.dylib in Frameworks */,
				55F3EF272DF5EE65008AE45C /* libopencv_core.4.11.0.dylib in Frameworks */,
				55F3EF282DF5EE65008AE45C /* libopencv_highgui.4.11.0.dylib in Frameworks */,
				55F3EF292DF5EE65008AE45C /* libopencv_imgproc.4.11.0.dylib in Frameworks */,
			);
			runOnlyForDeploymentPostprocessing = 0;
		};
/* End PBXFrameworksBuildPhase section */

/* Begin PBXGroup section */
		5504625A2DD4896900938359 /* HW2 */ = {
			isa = PBXGroup;
			children = (
				5504625E2DD4E67B00938359 /* gns.png */,
				5504625F2DD4E67B00938359 /* pns.png */,
				550462602DD4E67B00938359 /* src.png */,
				5504625B2DD4899000938359 /* main.cpp */,
			);
			path = HW2;
			sourceTree = "<group>";
		};
		5564D7CF2DE6B1F5002F0650 /* HW3 */ = {
			isa = PBXGroup;
			children = (
				5564D7E12DE6B217002F0650 /* main.cpp */,
				5564D7E22DE6B247002F0650 /* deg.png */,
				5564D7E32DE6B247002F0650 /* err.png */,
				5564D7E42DE6B247002F0650 /* ker.png */,
			);
			path = HW3;
			sourceTree = "<group>";
		};
		556E80462DA5222C00AE5D1D /* Frameworks */ = {
			isa = PBXGroup;
			children = (
				550462682DD4FFF000938359 /* libopencv_photo.4.11.0.dylib */,
				550462642DD4FFA000938359 /* libopencv_xphoto.4.11.0.dylib */,
				556E80482DA5222C00AE5D1D /* libopencv_core.4.11.0.dylib */,
				556E80492DA5222C00AE5D1D /* libopencv_highgui.4.11.0.dylib */,
				556E80472DA5222C00AE5D1D /* libopencv_imgcodecs.4.11.0.dylib */,
				556E804A2DA5222C00AE5D1D /* libopencv_imgproc.4.11.0.dylib */,
			);
			name = Frameworks;
			sourceTree = "<group>";
		};
		55ACCCF82D9CF4350082AAB2 = {
			isa = PBXGroup;
			children = (
				55E073302DF8F43C00936FA0 /* HW4 */,
				55F3EF322DF5EE8D008AE45C /* MotionBlur */,
				5564D7CF2DE6B1F5002F0650 /* HW3 */,
				5504625A2DD4896900938359 /* HW2 */,
				55EED8D12DB6B60A00064806 /* HW1 */,
				55ACCD032D9CF4350082AAB2 /* OpenCVTest */,
				556E80462DA5222C00AE5D1D /* Frameworks */,
				55ACCD022D9CF4350082AAB2 /* Products */,
			);
			sourceTree = "<group>";
		};
		55ACCD022D9CF4350082AAB2 /* Products */ = {
			isa = PBXGroup;
			children = (
				55ACCD012D9CF4350082AAB2 /* OpenCVTest */,
				55EED54C2DB6B4BA00064806 /* HW1 */,
				550462582DD4894600938359 /* HW2 */,
				5564D7DF2DE6B1FE002F0650 /* HW3 */,
				55F3EF302DF5EE65008AE45C /* Motion Blur */,
				55E0733F2DF8F44600936FA0 /* HW4 */,
			);
			name = Products;
			sourceTree = "<group>";
		};
		55E073302DF8F43C00936FA0 /* HW4 */ = {
			isa = PBXGroup;
			children = (
				55E073472DF94BE700936FA0 /* 20212027178_LeeYongKyu_ImageProcessing_HW4.png */,
				55E073422DF8F47F00936FA0 /* sk2.png */,
				55E073412DF8F46100936FA0 /* main.cpp */,
			);
			path = HW4;
			sourceTree = "<group>";
		};
		55EED8D12DB6B60A00064806 /* HW1 */ = {
			isa = PBXGroup;
			children = (
				55EED53D2DB6B48100064806 /* main.cpp */,
			);
			path = HW1;
			sourceTree = "<group>";
		};
		55F3EF322DF5EE8D008AE45C /* MotionBlur */ = {
			isa = PBXGroup;
			children = (
				5561EBF72DF68215002C381B /* test.jpeg */,
				55F3EF352DF5EEAB008AE45C /* src.png */,
				55F3EF332DF5EE94008AE45C /* main.cpp */,
			);
			path = MotionBlur;
			sourceTree = "<group>";
		};
/* End PBXGroup section */

/* Begin PBXNativeTarget section */
		5504624C2DD4894600938359 /* HW2 */ = {
			isa = PBXNativeTarget;
			buildConfigurationList = 550462552DD4894600938359 /* Build configuration list for PBXNativeTarget "HW2" */;
			buildPhases = (
				5504624D2DD4894600938359 /* Sources */,
				5504624F2DD4894600938359 /* Frameworks */,
				550462542DD4894600938359 /* CopyFiles */,
			);
			buildRules = (
			);
			dependencies = (
			);
			fileSystemSynchronizedGroups = (
				55ACCD032D9CF4350082AAB2 /* OpenCVTest */,
			);
			name = HW2;
			packageProductDependencies = (
			);
			productName = OpenCVTest;
			productReference = 550462582DD4894600938359 /* HW2 */;
			productType = "com.apple.product-type.tool";
		};
		5564D7D02DE6B1FE002F0650 /* HW3 */ = {
			isa = PBXNativeTarget;
			buildConfigurationList = 5564D7DC2DE6B1FE002F0650 /* Build configuration list for PBXNativeTarget "HW3" */;
			buildPhases = (
				5564D7D12DE6B1FE002F0650 /* Sources */,
				5564D7D32DE6B1FE002F0650 /* Frameworks */,
				5564D7D82DE6B1FE002F0650 /* CopyFiles */,
			);
			buildRules = (
			);
			dependencies = (
			);
			fileSystemSynchronizedGroups = (
				55ACCD032D9CF4350082AAB2 /* OpenCVTest */,
			);
			name = HW3;
			packageProductDependencies = (
			);
			productName = OpenCVTest;
			productReference = 5564D7DF2DE6B1FE002F0650 /* HW3 */;
			productType = "com.apple.product-type.tool";
		};
		55ACCD002D9CF4350082AAB2 /* OpenCVTest */ = {
			isa = PBXNativeTarget;
			buildConfigurationList = 55ACCD082D9CF4350082AAB2 /* Build configuration list for PBXNativeTarget "OpenCVTest" */;
			buildPhases = (
				55ACCCFD2D9CF4350082AAB2 /* Sources */,
				55ACCCFE2D9CF4350082AAB2 /* Frameworks */,
				55ACCCFF2D9CF4350082AAB2 /* CopyFiles */,
			);
			buildRules = (
			);
			dependencies = (
			);
			fileSystemSynchronizedGroups = (
				55ACCD032D9CF4350082AAB2 /* OpenCVTest */,
			);
			name = OpenCVTest;
			packageProductDependencies = (
			);
			productName = OpenCVTest;
			productReference = 55ACCD012D9CF4350082AAB2 /* OpenCVTest */;
			productType = "com.apple.product-type.tool";
		};
		55E073312DF8F44600936FA0 /* HW4 */ = {
			isa = PBXNativeTarget;
			buildConfigurationList = 55E0733C2DF8F44600936FA0 /* Build configuration list for PBXNativeTarget "HW4" */;
			buildPhases = (
				55E073322DF8F44600936FA0 /* Sources */,
				55E073342DF8F44600936FA0 /* Frameworks */,
				55E073392DF8F44600936FA0 /* CopyFiles */,
			);
			buildRules = (
			);
			dependencies = (
			);
			fileSystemSynchronizedGroups = (
				55ACCD032D9CF4350082AAB2 /* OpenCVTest */,
			);
			name = HW4;
			packageProductDependencies = (
			);
			productName = OpenCVTest;
			productReference = 55E0733F2DF8F44600936FA0 /* HW4 */;
			productType = "com.apple.product-type.tool";
		};
		55EED5412DB6B4BA00064806 /* HW1 */ = {
			isa = PBXNativeTarget;
			buildConfigurationList = 55EED5492DB6B4BA00064806 /* Build configuration list for PBXNativeTarget "HW1" */;
			buildPhases = (
				55EED5422DB6B4BA00064806 /* Sources */,
				55EED5432DB6B4BA00064806 /* Frameworks */,
				55EED5482DB6B4BA00064806 /* Copy Files */,
			);
			buildRules = (
			);
			dependencies = (
			);
			fileSystemSynchronizedGroups = (
				55ACCD032D9CF4350082AAB2 /* OpenCVTest */,
			);
			name = HW1;
			packageProductDependencies = (
			);
			productName = OpenCVTest;
			productReference = 55EED54C2DB6B4BA00064806 /* HW1 */;
			productType = "com.apple.product-type.tool";
		};
		55F3EF222DF5EE65008AE45C /* Motion Blur */ = {
			isa = PBXNativeTarget;
			buildConfigurationList = 55F3EF2D2DF5EE65008AE45C /* Build configuration list for PBXNativeTarget "Motion Blur" */;
			buildPhases = (
				55F3EF232DF5EE65008AE45C /* Sources */,
				55F3EF252DF5EE65008AE45C /* Frameworks */,
				55F3EF2A2DF5EE65008AE45C /* CopyFiles */,
			);
			buildRules = (
			);
			dependencies = (
			);
			fileSystemSynchronizedGroups = (
				55ACCD032D9CF4350082AAB2 /* OpenCVTest */,
			);
			name = "Motion Blur";
			packageProductDependencies = (
			);
			productName = OpenCVTest;
			productReference = 55F3EF302DF5EE65008AE45C /* Motion Blur */;
			productType = "com.apple.product-type.tool";
		};
/* End PBXNativeTarget section */

/* Begin PBXProject section */
		55ACCCF92D9CF4350082AAB2 /* Project object */ = {
			isa = PBXProject;
			attributes = {
				BuildIndependentTargetsInParallel = 1;
				LastUpgradeCheck = 1630;
				TargetAttributes = {
					55ACCD002D9CF4350082AAB2 = {
						CreatedOnToolsVersion = 16.3;
					};
				};
			};
			buildConfigurationList = 55ACCCFC2D9CF4350082AAB2 /* Build configuration list for PBXProject "OpenCVTest" */;
			developmentRegion = en;
			hasScannedForEncodings = 0;
			knownRegions = (
				en,
				Base,
			);
			mainGroup = 55ACCCF82D9CF4350082AAB2;
			minimizedProjectReferenceProxies = 1;
			preferredProjectObjectVersion = 77;
			productRefGroup = 55ACCD022D9CF4350082AAB2 /* Products */;
			projectDirPath = "";
			projectRoot = "";
			targets = (
				55ACCD002D9CF4350082AAB2 /* OpenCVTest */,
				55EED5412DB6B4BA00064806 /* HW1 */,
				5504624C2DD4894600938359 /* HW2 */,
				5564D7D02DE6B1FE002F0650 /* HW3 */,
				55F3EF222DF5EE65008AE45C /* Motion Blur */,
				55E073312DF8F44600936FA0 /* HW4 */,
			);
		};
/* End PBXProject section */

/* Begin PBXSourcesBuildPhase section */
		5504624D2DD4894600938359 /* Sources */ = {
			isa = PBXSourcesBuildPhase;
			buildActionMask = 2147483647;
			files = (
				5504625D2DD4899000938359 /* main.cpp in Sources */,
			);
			runOnlyForDeploymentPostprocessing = 0;
		};
		5564D7D12DE6B1FE002F0650 /* Sources */ = {
			isa = PBXSourcesBuildPhase;
			buildActionMask = 2147483647;
			files = (
				5564D7E52DE6B24E002F0650 /* main.cpp in Sources */,
			);
			runOnlyForDeploymentPostprocessing = 0;
		};
		55ACCCFD2D9CF4350082AAB2 /* Sources */ = {
			isa = PBXSourcesBuildPhase;
			buildActionMask = 2147483647;
			files = (
			);
			runOnlyForDeploymentPostprocessing = 0;
		};
		55E073322DF8F44600936FA0 /* Sources */ = {
			isa = PBXSourcesBuildPhase;
			buildActionMask = 2147483647;
			files = (
				55E073442DF8F49900936FA0 /* main.cpp in Sources */,
			);
			runOnlyForDeploymentPostprocessing = 0;
		};
		55EED5422DB6B4BA00064806 /* Sources */ = {
			isa = PBXSourcesBuildPhase;
			buildActionMask = 2147483647;
			files = (
				55EED8D72DB6B62300064806 /* main.cpp in Sources */,
			);
			runOnlyForDeploymentPostprocessing = 0;
		};
		55F3EF232DF5EE65008AE45C /* Sources */ = {
			isa = PBXSourcesBuildPhase;
			buildActionMask = 2147483647;
			files = (
				55E073452DF8F50A00936FA0 /* main.cpp in Sources */,
			);
			runOnlyForDeploymentPostprocessing = 0;
		};
/* End PBXSourcesBuildPhase section */

/* Begin XCBuildConfiguration section */
		550462562DD4894600938359 /* Debug */ = {
			isa = XCBuildConfiguration;
			buildSettings = {
				CODE_SIGN_ENTITLEMENTS = OpenCVTest/OpenCVTest.entitlements;
				CODE_SIGN_STYLE = Automatic;
				DEVELOPMENT_TEAM = 488U7L9D53;
				ENABLE_HARDENED_RUNTIME = YES;
				HEADER_SEARCH_PATHS = /opt/homebrew/include/opencv4/;
				LD_RUNPATH_SEARCH_PATHS = /opt/homebrew/lib;
				LIBRARY_SEARCH_PATHS = /opt/homebrew/Cellar/opencv/4.11.0_1/lib;
				OTHER_LDFLAGS = "";
				PRODUCT_NAME = "$(TARGET_NAME)";
			};
			name = Debug;
		};
		550462572DD4894600938359 /* Release */ = {
			isa = XCBuildConfiguration;
			buildSettings = {
				CODE_SIGN_ENTITLEMENTS = OpenCVTest/OpenCVTest.entitlements;
				CODE_SIGN_STYLE = Automatic;
				DEVELOPMENT_TEAM = 488U7L9D53;
				ENABLE_HARDENED_RUNTIME = YES;
				HEADER_SEARCH_PATHS = /opt/homebrew/include/opencv4/;
				LD_RUNPATH_SEARCH_PATHS = /opt/homebrew/lib;
				LIBRARY_SEARCH_PATHS = /opt/homebrew/Cellar/opencv/4.11.0_1/lib;
				OTHER_LDFLAGS = "";
				PRODUCT_NAME = "$(TARGET_NAME)";
			};
			name = Release;
		};
		5564D7DD2DE6B1FE002F0650 /* Debug */ = {
			isa = XCBuildConfiguration;
			buildSettings = {
				CODE_SIGN_ENTITLEMENTS = OpenCVTest/OpenCVTest.entitlements;
				CODE_SIGN_STYLE = Automatic;
				DEVELOPMENT_TEAM = 488U7L9D53;
				ENABLE_HARDENED_RUNTIME = YES;
				HEADER_SEARCH_PATHS = /opt/homebrew/include/opencv4/;
				LD_RUNPATH_SEARCH_PATHS = /opt/homebrew/lib;
				LIBRARY_SEARCH_PATHS = /opt/homebrew/Cellar/opencv/4.11.0_1/lib;
				OTHER_LDFLAGS = "";
				PRODUCT_NAME = "$(TARGET_NAME)";
			};
			name = Debug;
		};
		5564D7DE2DE6B1FE002F0650 /* Release */ = {
			isa = XCBuildConfiguration;
			buildSettings = {
				CODE_SIGN_ENTITLEMENTS = OpenCVTest/OpenCVTest.entitlements;
				CODE_SIGN_STYLE = Automatic;
				DEVELOPMENT_TEAM = 488U7L9D53;
				ENABLE_HARDENED_RUNTIME = YES;
				HEADER_SEARCH_PATHS = /opt/homebrew/include/opencv4/;
				LD_RUNPATH_SEARCH_PATHS = /opt/homebrew/lib;
				LIBRARY_SEARCH_PATHS = /opt/homebrew/Cellar/opencv/4.11.0_1/lib;
				OTHER_LDFLAGS = "";
				PRODUCT_NAME = "$(TARGET_NAME)";
			};
			name = Release;
		};
		55ACCD062D9CF4350082AAB2 /* Debug */ = {
			isa = XCBuildConfiguration;
			buildSettings = {
				ALWAYS_SEARCH_USER_PATHS = NO;
				ASSETCATALOG_COMPILER_GENERATE_SWIFT_ASSET_SYMBOL_EXTENSIONS = YES;
				CLANG_ANALYZER_NONNULL = YES;
				CLANG_ANALYZER_NUMBER_OBJECT_CONVERSION = YES_AGGRESSIVE;
				CLANG_CXX_LANGUAGE_STANDARD = "gnu++20";
				CLANG_ENABLE_MODULES = YES;
				CLANG_ENABLE_OBJC_ARC = YES;
				CLANG_ENABLE_OBJC_WEAK = YES;
				CLANG_WARN_BLOCK_CAPTURE_AUTORELEASING = YES;
				CLANG_WARN_BOOL_CONVERSION = YES;
				CLANG_WARN_COMMA = YES;
				CLANG_WARN_CONSTANT_CONVERSION = YES;
				CLANG_WARN_DEPRECATED_OBJC_IMPLEMENTATIONS = YES;
				CLANG_WARN_DIRECT_OBJC_ISA_USAGE = YES_ERROR;
				CLANG_WARN_DOCUMENTATION_COMMENTS = YES;
				CLANG_WARN_EMPTY_BODY = YES;
				CLANG_WARN_ENUM_CONVERSION = YES;
				CLANG_WARN_INFINITE_RECURSION = YES;
				CLANG_WARN_INT_CONVERSION = YES;
				CLANG_WARN_NON_LITERAL_NULL_CONVERSION = YES;
				CLANG_WARN_OBJC_IMPLICIT_RETAIN_SELF = YES;
				CLANG_WARN_OBJC_LITERAL_CONVERSION = YES;
				CLANG_WARN_OBJC_ROOT_CLASS = YES_ERROR;
				CLANG_WARN_QUOTED_INCLUDE_IN_FRAMEWORK_HEADER = YES;
				CLANG_WARN_RANGE_LOOP_ANALYSIS = YES;
				CLANG_WARN_STRICT_PROTOTYPES = YES;
				CLANG_WARN_SUSPICIOUS_MOVE = YES;
				CLANG_WARN_UNGUARDED_AVAILABILITY = YES_AGGRESSIVE;
				CLANG_WARN_UNREACHABLE_CODE = YES;
				CLANG_WARN__DUPLICATE_METHOD_MATCH = YES;
				COPY_PHASE_STRIP = NO;
				DEBUG_INFORMATION_FORMAT = dwarf;
				DEVELOPMENT_TEAM = 488U7L9D53;
				ENABLE_STRICT_OBJC_MSGSEND = YES;
				ENABLE_TESTABILITY = YES;
				ENABLE_USER_SCRIPT_SANDBOXING = YES;
				GCC_C_LANGUAGE_STANDARD = gnu17;
				GCC_DYNAMIC_NO_PIC = NO;
				GCC_NO_COMMON_BLOCKS = YES;
				GCC_OPTIMIZATION_LEVEL = 0;
				GCC_PREPROCESSOR_DEFINITIONS = (
					"DEBUG=1",
					"$(inherited)",
				);
				GCC_WARN_64_TO_32_BIT_CONVERSION = YES;
				GCC_WARN_ABOUT_RETURN_TYPE = YES_ERROR;
				GCC_WARN_UNDECLARED_SELECTOR = YES;
				GCC_WARN_UNINITIALIZED_AUTOS = YES_AGGRESSIVE;
				GCC_WARN_UNUSED_FUNCTION = YES;
				GCC_WARN_UNUSED_VARIABLE = YES;
				LOCALIZATION_PREFERS_STRING_CATALOGS = YES;
				MACOSX_DEPLOYMENT_TARGET = 15.3;
				MTL_ENABLE_DEBUG_INFO = INCLUDE_SOURCE;
				MTL_FAST_MATH = YES;
				ONLY_ACTIVE_ARCH = YES;
				SDKROOT = macosx;
			};
			name = Debug;
		};
		55ACCD072D9CF4350082AAB2 /* Release */ = {
			isa = XCBuildConfiguration;
			buildSettings = {
				ALWAYS_SEARCH_USER_PATHS = NO;
				ASSETCATALOG_COMPILER_GENERATE_SWIFT_ASSET_SYMBOL_EXTENSIONS = YES;
				CLANG_ANALYZER_NONNULL = YES;
				CLANG_ANALYZER_NUMBER_OBJECT_CONVERSION = YES_AGGRESSIVE;
				CLANG_CXX_LANGUAGE_STANDARD = "gnu++20";
				CLANG_ENABLE_MODULES = YES;
				CLANG_ENABLE_OBJC_ARC = YES;
				CLANG_ENABLE_OBJC_WEAK = YES;
				CLANG_WARN_BLOCK_CAPTURE_AUTORELEASING = YES;
				CLANG_WARN_BOOL_CONVERSION = YES;
				CLANG_WARN_COMMA = YES;
				CLANG_WARN_CONSTANT_CONVERSION = YES;
				CLANG_WARN_DEPRECATED_OBJC_IMPLEMENTATIONS = YES;
				CLANG_WARN_DIRECT_OBJC_ISA_USAGE = YES_ERROR;
				CLANG_WARN_DOCUMENTATION_COMMENTS = YES;
				CLANG_WARN_EMPTY_BODY = YES;
				CLANG_WARN_ENUM_CONVERSION = YES;
				CLANG_WARN_INFINITE_RECURSION = YES;
				CLANG_WARN_INT_CONVERSION = YES;
				CLANG_WARN_NON_LITERAL_NULL_CONVERSION = YES;
				CLANG_WARN_OBJC_IMPLICIT_RETAIN_SELF = YES;
				CLANG_WARN_OBJC_LITERAL_CONVERSION = YES;
				CLANG_WARN_OBJC_ROOT_CLASS = YES_ERROR;
				CLANG_WARN_QUOTED_INCLUDE_IN_FRAMEWORK_HEADER = YES;
				CLANG_WARN_RANGE_LOOP_ANALYSIS = YES;
				CLANG_WARN_STRICT_PROTOTYPES = YES;
				CLANG_WARN_SUSPICIOUS_MOVE = YES;
				CLANG_WARN_UNGUARDED_AVAILABILITY = YES_AGGRESSIVE;
				CLANG_WARN_UNREACHABLE_CODE = YES;
				CLANG_WARN__DUPLICATE_METHOD_MATCH = YES;
				COPY_PHASE_STRIP = NO;
				DEBUG_INFORMATION_FORMAT = "dwarf-with-dsym";
				DEVELOPMENT_TEAM = 488U7L9D53;
				ENABLE_NS_ASSERTIONS = NO;
				ENABLE_STRICT_OBJC_MSGSEND = YES;
				ENABLE_USER_SCRIPT_SANDBOXING = YES;
				GCC_C_LANGUAGE_STANDARD = gnu17;
				GCC_NO_COMMON_BLOCKS = YES;
				GCC_WARN_64_TO_32_BIT_CONVERSION = YES;
				GCC_WARN_ABOUT_RETURN_TYPE = YES_ERROR;
				GCC_WARN_UNDECLARED_SELECTOR = YES;
				GCC_WARN_UNINITIALIZED_AUTOS = YES_AGGRESSIVE;
				GCC_WARN_UNUSED_FUNCTION = YES;
				GCC_WARN_UNUSED_VARIABLE = YES;
				LOCALIZATION_PREFERS_STRING_CATALOGS = YES;
				MACOSX_DEPLOYMENT_TARGET = 15.3;
				MTL_ENABLE_DEBUG_INFO = NO;
				MTL_FAST_MATH = YES;
				SDKROOT = macosx;
			};
			name = Release;
		};
		55ACCD092D9CF4350082AAB2 /* Debug */ = {
			isa = XCBuildConfiguration;
			buildSettings = {
				CODE_SIGN_ENTITLEMENTS = OpenCVTest/OpenCVTest.entitlements;
				CODE_SIGN_STYLE = Automatic;
				DEVELOPMENT_TEAM = 488U7L9D53;
				ENABLE_HARDENED_RUNTIME = YES;
				HEADER_SEARCH_PATHS = /opt/homebrew/include/opencv4/;
				LD_RUNPATH_SEARCH_PATHS = /opt/homebrew/lib;
				LIBRARY_SEARCH_PATHS = /opt/homebrew/Cellar/opencv/4.11.0_1/lib;
				OTHER_LDFLAGS = "";
				PRODUCT_NAME = "$(TARGET_NAME)";
			};
			name = Debug;
		};
		55ACCD0A2D9CF4350082AAB2 /* Release */ = {
			isa = XCBuildConfiguration;
			buildSettings = {
				CODE_SIGN_ENTITLEMENTS = OpenCVTest/OpenCVTest.entitlements;
				CODE_SIGN_STYLE = Automatic;
				DEVELOPMENT_TEAM = 488U7L9D53;
				ENABLE_HARDENED_RUNTIME = YES;
				HEADER_SEARCH_PATHS = /opt/homebrew/include/opencv4/;
				LD_RUNPATH_SEARCH_PATHS = /opt/homebrew/lib;
				LIBRARY_SEARCH_PATHS = /opt/homebrew/Cellar/opencv/4.11.0_1/lib;
				OTHER_LDFLAGS = "";
				PRODUCT_NAME = "$(TARGET_NAME)";
			};
			name = Release;
		};
		55E0733D2DF8F44600936FA0 /* Debug */ = {
			isa = XCBuildConfiguration;
			buildSettings = {
				CODE_SIGN_ENTITLEMENTS = OpenCVTest/OpenCVTest.entitlements;
				CODE_SIGN_STYLE = Automatic;
				DEVELOPMENT_TEAM = 488U7L9D53;
				ENABLE_HARDENED_RUNTIME = YES;
				HEADER_SEARCH_PATHS = /opt/homebrew/include/opencv4/;
				LD_RUNPATH_SEARCH_PATHS = /opt/homebrew/lib;
				LIBRARY_SEARCH_PATHS = /opt/homebrew/Cellar/opencv/4.11.0_1/lib;
				OTHER_LDFLAGS = "";
				PRODUCT_NAME = "$(TARGET_NAME)";
			};
			name = Debug;
		};
		55E0733E2DF8F44600936FA0 /* Release */ = {
			isa = XCBuildConfiguration;
			buildSettings = {
				CODE_SIGN_ENTITLEMENTS = OpenCVTest/OpenCVTest.entitlements;
				CODE_SIGN_STYLE = Automatic;
				DEVELOPMENT_TEAM = 488U7L9D53;
				ENABLE_HARDENED_RUNTIME = YES;
				HEADER_SEARCH_PATHS = /opt/homebrew/include/opencv4/;
				LD_RUNPATH_SEARCH_PATHS = /opt/homebrew/lib;
				LIBRARY_SEARCH_PATHS = /opt/homebrew/Cellar/opencv/4.11.0_1/lib;
				OTHER_LDFLAGS = "";
				PRODUCT_NAME = "$(TARGET_NAME)";
			};
			name = Release;
		};
		55EED54A2DB6B4BA00064806 /* Debug */ = {
			isa = XCBuildConfiguration;
			buildSettings = {
				CODE_SIGN_ENTITLEMENTS = OpenCVTest/OpenCVTest.entitlements;
				CODE_SIGN_STYLE = Automatic;
				DEVELOPMENT_TEAM = 488U7L9D53;
				ENABLE_HARDENED_RUNTIME = YES;
				HEADER_SEARCH_PATHS = /opt/homebrew/include/opencv4/;
				LD_RUNPATH_SEARCH_PATHS = /opt/homebrew/lib;
				LIBRARY_SEARCH_PATHS = /opt/homebrew/Cellar/opencv/4.11.0_1/lib;
				OTHER_LDFLAGS = "";
				PRODUCT_NAME = "$(TARGET_NAME)";
			};
			name = Debug;
		};
		55EED54B2DB6B4BA00064806 /* Release */ = {
			isa = XCBuildConfiguration;
			buildSettings = {
				CODE_SIGN_ENTITLEMENTS = OpenCVTest/OpenCVTest.entitlements;
				CODE_SIGN_STYLE = Automatic;
				DEVELOPMENT_TEAM = 488U7L9D53;
				ENABLE_HARDENED_RUNTIME = YES;
				HEADER_SEARCH_PATHS = /opt/homebrew/include/opencv4/;
				LD_RUNPATH_SEARCH_PATHS = /opt/homebrew/lib;
				LIBRARY_SEARCH_PATHS = /opt/homebrew/Cellar/opencv/4.11.0_1/lib;
				OTHER_LDFLAGS = "";
				PRODUCT_NAME = "$(TARGET_NAME)";
			};
			name = Release;
		};
		55F3EF2E2DF5EE65008AE45C /* Debug */ = {
			isa = XCBuildConfiguration;
			buildSettings = {
				CODE_SIGN_ENTITLEMENTS = OpenCVTest/OpenCVTest.entitlements;
				CODE_SIGN_STYLE = Automatic;
				DEVELOPMENT_TEAM = 488U7L9D53;
				ENABLE_HARDENED_RUNTIME = YES;
				HEADER_SEARCH_PATHS = /opt/homebrew/include/opencv4/;
				LD_RUNPATH_SEARCH_PATHS = /opt/homebrew/lib;
				LIBRARY_SEARCH_PATHS = /opt/homebrew/Cellar/opencv/4.11.0_1/lib;
				OTHER_LDFLAGS = "";
				PRODUCT_NAME = "$(TARGET_NAME)";
			};
			name = Debug;
		};
		55F3EF2F2DF5EE65008AE45C /* Release */ = {
			isa = XCBuildConfiguration;
			buildSettings = {
				CODE_SIGN_ENTITLEMENTS = OpenCVTest/OpenCVTest.entitlements;
				CODE_SIGN_STYLE = Automatic;
				DEVELOPMENT_TEAM = 488U7L9D53;
				ENABLE_HARDENED_RUNTIME = YES;
				HEADER_SEARCH_PATHS = /opt/homebrew/include/opencv4/;
				LD_RUNPATH_SEARCH_PATHS = /opt/homebrew/lib;
				LIBRARY_SEARCH_PATHS = /opt/homebrew/Cellar/opencv/4.11.0_1/lib;
				OTHER_LDFLAGS = "";
				PRODUCT_NAME = "$(TARGET_NAME)";
			};
			name = Release;
		};
/* End XCBuildConfiguration section */

/* Begin XCConfigurationList section */
		550462552DD4894600938359 /* Build configuration list for PBXNativeTarget "HW2" */ = {
			isa = XCConfigurationList;
			buildConfigurations = (
				550462562DD4894600938359 /* Debug */,
				550462572DD4894600938359 /* Release */,
			);
			defaultConfigurationIsVisible = 0;
			defaultConfigurationName = Release;
		};
		5564D7DC2DE6B1FE002F0650 /* Build configuration list for PBXNativeTarget "HW3" */ = {
			isa = XCConfigurationList;
			buildConfigurations = (
				5564D7DD2DE6B1FE002F0650 /* Debug */,
				5564D7DE2DE6B1FE002F0650 /* Release */,
			);
			defaultConfigurationIsVisible = 0;
			defaultConfigurationName = Release;
		};
		55ACCCFC2D9CF4350082AAB2 /* Build configuration list for PBXProject "OpenCVTest" */ = {
			isa = XCConfigurationList;
			buildConfigurations = (
				55ACCD062D9CF4350082AAB2 /* Debug */,
				55ACCD072D9CF4350082AAB2 /* Release */,
			);
			defaultConfigurationIsVisible = 0;
			defaultConfigurationName = Release;
		};
		55ACCD082D9CF4350082AAB2 /* Build configuration list for PBXNativeTarget "OpenCVTest" */ = {
			isa = XCConfigurationList;
			buildConfigurations = (
				55ACCD092D9CF4350082AAB2 /* Debug */,
				55ACCD0A2D9CF4350082AAB2 /* Release */,
			);
			defaultConfigurationIsVisible = 0;
			defaultConfigurationName = Release;
		};
		55E0733C2DF8F44600936FA0 /* Build configuration list for PBXNativeTarget "HW4" */ = {
			isa = XCConfigurationList;
			buildConfigurations = (
				55E0733D2DF8F44600936FA0 /* Debug */,
				55E0733E2DF8F44600936FA0 /* Release */,
			);
			defaultConfigurationIsVisible = 0;
			defaultConfigurationName = Release;
		};
		55EED5492DB6B4BA00064806 /* Build configuration list for PBXNativeTarget "HW1" */ = {
			isa = XCConfigurationList;
			buildConfigurations = (
				55EED54A2DB6B4BA00064806 /* Debug */,
				55EED54B2DB6B4BA00064806 /* Release */,
			);
			defaultConfigurationIsVisible = 0;
			defaultConfigurationName = Release;
		};
		55F3EF2D2DF5EE65008AE45C /* Build configuration list for PBXNativeTarget "Motion Blur" */ = {
			isa = XCConfigurationList;
			buildConfigurations = (
				55F3EF2E2DF5EE65008AE45C /* Debug */,
				55F3EF2F2DF5EE65008AE45C /* Release */,
			);
			defaultConfigurationIsVisible = 0;
			defaultConfigurationName = Release;
		};
/* End XCConfigurationList section */
	};
	rootObject = 55ACCCF92D9CF4350082AAB2 /* Project object */;
}
